("quicklisp" .
 (:class qlot/source/dist:source-dist
  :initargs (:distribution "https://beta.quicklisp.org/dist/quicklisp.txt" :%version :latest)
  :version "2026-01-01"))
("alexandria" .
 (:class qlot/source/ql:source-ql
  :initargs (:%version :latest)
  :version "ql-2024-10-12"))
("concrete-syntax-tree" .
 (:class qlot/source/ql:source-ql
  :initargs (:%version :latest)
  :version "ql-2026-01-01"))
("float-features" .
 (:class qlot/source/ql:source-ql
  :initargs (:%version :latest)
  :version "ql-2026-01-01"))
("fset" .
 (:class qlot/source/ql:source-ql
  :initargs (:%version :latest)
  :version "ql-2026-01-01"))
("named-readtables" .
 (:class qlot/source/ql:source-ql
  :initargs (:%version :latest)
  :version "ql-2026-01-01"))
("trivial-gray-streams" .
 (:class qlot/source/ql:source-ql
  :initargs (:%version :latest)
  :version "ql-2024-10-12"))
("Eclector" .
 (:class qlot/source/github:source-github
  :initargs (:repos "s-expressionists/Eclector" :ref nil :branch nil :tag nil)
  :version "github-ae690fc574eca8892af46a897afa39bbc750b37e"))
("trivial-garbage" .
 (:class qlot/source/ql:source-ql
  :initargs (:%version :latest)
  :version "ql-2023-10-21"))
("fiasco" .
 (:class qlot/source/ql:source-ql
  :initargs (:%version :latest)
  :version "ql-2020-06-10"))
("trivial-benchmark" .
 (:class qlot/source/ql:source-ql
  :initargs (:%version :latest)
  :version "ql-2026-01-01"))
("yason" .
 (:class qlot/source/ql:source-ql
  :initargs (:%version :latest)
  :version "ql-2025-06-22"))
("html-entities" .
 (:class qlot/source/ql:source-ql
  :initargs (:%version :latest)
  :version "ql-2017-10-19"))
("spinneret" .
 (:class qlot/source/ql:source-ql
  :initargs (:%version :latest)
  :version "ql-2026-01-01"))
("computable-reals" .
 (:class qlot/source/ql:source-ql
  :initargs (:%version :latest)
  :version "ql-2023-10-21"))
